
Microsoft Visual Studio Solution File, Format Version 12.00
# Visual Studio Version 16
VisualStudioVersion = 16.0.31702.278
MinimumVisualStudioVersion = 10.0.40219.1
Project("{2150E333-8FDC-42A3-9474-1A3956D46DE8}") = "Services", "Services", "{32AF9AD4-DA90-4194-A4ED-60C127FEABC4}"
EndProject
Project("{9A19103F-16F7-4668-BE54-9A1E7A4F7556}") = "Catalog.API", "Catalog.API\Catalog.API\Catalog.API.csproj", "{2BAFA73D-F46C-401E-BBDB-F431C4CEB4C2}"
EndProject
Project("{E53339B2-1760-4266-BCC7-CA923CBCF16C}") = "docker-compose", "docker-compose.dcproj", "{781212F4-2834-4706-BB5A-FD845669DD09}"
EndProject
Global
	GlobalSection(SolutionConfigurationPlatforms) = preSolution
		Debug|Any CPU = Debug|Any CPU
		Release|Any CPU = Release|Any CPU
	EndGlobalSection
	GlobalSection(ProjectConfigurationPlatforms) = postSolution
		{2BAFA73D-F46C-401E-BBDB-F431C4CEB4C2}.Debug|Any CPU.ActiveCfg = Debug|Any CPU
		{2BAFA73D-F46C-401E-BBDB-F431C4CEB4C2}.Debug|Any CPU.Build.0 = Debug|Any CPU
		{2BAFA73D-F46C-401E-BBDB-F431C4CEB4C2}.Release|Any CPU.ActiveCfg = Release|Any CPU
		{2BAFA73D-F46C-401E-BBDB-F431C4CEB4C2}.Release|Any CPU.Build.0 = Release|Any CPU
		{781212F4-2834-4706-BB5A-FD845669DD09}.Debug|Any CPU.ActiveCfg = Debug|Any CPU
		{781212F4-2834-4706-BB5A-FD845669DD09}.Debug|Any CPU.Build.0 = Debug|Any CPU
		{781212F4-2834-4706-BB5A-FD845669DD09}.Release|Any CPU.ActiveCfg = Release|Any CPU
		{781212F4-2834-4706-BB5A-FD845669DD09}.Release|Any CPU.Build.0 = Release|Any CPU
	EndGlobalSection
	GlobalSection(SolutionProperties) = preSolution
		HideSolutionNode = FALSE
	EndGlobalSection
	GlobalSection(NestedProjects) = preSolution
		{2BAFA73D-F46C-401E-BBDB-F431C4CEB4C2} = {32AF9AD4-DA90-4194-A4ED-60C127FEABC4}
	EndGlobalSection
	GlobalSection(ExtensibilityGlobals) = postSolution
		SolutionGuid = {6FA25653-503D-4E15-A171-C345181B7D7C}
	EndGlobalSection
EndGlobal
